Microsoft Visual Studio Solution File, Format Version 12.00
# Visual Studio Version 16
VisualStudioVersion = 16.0.28516.95
MinimumVisualStudioVersion = 15.0.26124.0
Project("{2150E333-8FDC-42A3-9474-1A3956D46DE8}") = "test", "test", "{A29E3FC6-FCBA-41BB-B8A2-1812EBAD3138}"
EndProject
Project("{9A19103F-16F7-4668-BE54-9A1E7A4F7556}") = "Umfrage.Test", "test\Umfrage.Test\Umfrage.Test.csproj", "{4B531F98-1CF8-4FF5-805D-6874C2250B58}"
EndProject
Project("{2150E333-8FDC-42A3-9474-1A3956D46DE8}") = "docs", "docs", "{5344D773-144E-4FE6-8EED-A3DCE42B8BDA}"
	ProjectSection(SolutionItems) = preProject
		docs\Questionnaire.md = docs\Questionnaire.md
	EndProjectSection
EndProject
Project("{2150E333-8FDC-42A3-9474-1A3956D46DE8}") = "global_docs", "global_docs", "{5337F14E-B46B-45D2-AEBE-863BEC4D8C07}"
	ProjectSection(SolutionItems) = preProject
		README.md = README.md
	EndProjectSection
EndProject
Project("{2150E333-8FDC-42A3-9474-1A3956D46DE8}") = "ci", "ci", "{722A3420-B406-41DC-A722-87F066AD75BC}"
	ProjectSection(SolutionItems) = preProject
		appveyor.yml = appveyor.yml
	EndProjectSection
EndProject
Project("{2150E333-8FDC-42A3-9474-1A3956D46DE8}") = "src", "src", "{4AE12D68-1C82-48B5-AF24-22AFF70D8A45}"
EndProject
Project("{FAE04EC0-301F-11D3-BF4B-00C04F79EFBC}") = "Umfrage", "src\umfrage\Umfrage.csproj", "{FE3AEF6E-63AC-495F-B3DD-23851662CEB5}"
EndProject
Project("{FAE04EC0-301F-11D3-BF4B-00C04F79EFBC}") = "Umfrage.demo", "src\umfrage.demo\Umfrage.demo.csproj", "{1F73037F-69A6-494D-BB23-76459F5D1091}"
EndProject
Project("{FAE04EC0-301F-11D3-BF4B-00C04F79EFBC}") = "Umfrage.extensions", "src\umfrage.extensions\Umfrage.extensions.csproj", "{F3DF5912-A1E2-4C37-8F3E-5AB75A40ECB2}"
EndProject
Global
	GlobalSection(SolutionConfigurationPlatforms) = preSolution
		Debug|Any CPU = Debug|Any CPU
		Debug|x64 = Debug|x64
		Debug|x86 = Debug|x86
		Release|Any CPU = Release|Any CPU
		Release|x64 = Release|x64
		Release|x86 = Release|x86
	EndGlobalSection
	GlobalSection(ProjectConfigurationPlatforms) = postSolution
		{4B531F98-1CF8-4FF5-805D-6874C2250B58}.Debug|Any CPU.ActiveCfg = Debug|Any CPU
		{4B531F98-1CF8-4FF5-805D-6874C2250B58}.Debug|Any CPU.Build.0 = Debug|Any CPU
		{4B531F98-1CF8-4FF5-805D-6874C2250B58}.Debug|x64.ActiveCfg = Debug|Any CPU
		{4B531F98-1CF8-4FF5-805D-6874C2250B58}.Debug|x64.Build.0 = Debug|Any CPU
		{4B531F98-1CF8-4FF5-805D-6874C2250B58}.Debug|x86.ActiveCfg = Debug|Any CPU
		{4B531F98-1CF8-4FF5-805D-6874C2250B58}.Debug|x86.Build.0 = Debug|Any CPU
		{4B531F98-1CF8-4FF5-805D-6874C2250B58}.Release|Any CPU.ActiveCfg = Release|Any CPU
		{4B531F98-1CF8-4FF5-805D-6874C2250B58}.Release|Any CPU.Build.0 = Release|Any CPU
		{4B531F98-1CF8-4FF5-805D-6874C2250B58}.Release|x64.ActiveCfg = Release|Any CPU
		{4B531F98-1CF8-4FF5-805D-6874C2250B58}.Release|x64.Build.0 = Release|Any CPU
		{4B531F98-1CF8-4FF5-805D-6874C2250B58}.Release|x86.ActiveCfg = Release|Any CPU
		{4B531F98-1CF8-4FF5-805D-6874C2250B58}.Release|x86.Build.0 = Release|Any CPU
		{FE3AEF6E-63AC-495F-B3DD-23851662CEB5}.Debug|Any CPU.ActiveCfg = Debug|Any CPU
		{FE3AEF6E-63AC-495F-B3DD-23851662CEB5}.Debug|Any CPU.Build.0 = Debug|Any CPU
		{FE3AEF6E-63AC-495F-B3DD-23851662CEB5}.Debug|x64.ActiveCfg = Debug|Any CPU
		{FE3AEF6E-63AC-495F-B3DD-23851662CEB5}.Debug|x64.Build.0 = Debug|Any CPU
		{FE3AEF6E-63AC-495F-B3DD-23851662CEB5}.Debug|x86.ActiveCfg = Debug|Any CPU
		{FE3AEF6E-63AC-495F-B3DD-23851662CEB5}.Debug|x86.Build.0 = Debug|Any CPU
		{FE3AEF6E-63AC-495F-B3DD-23851662CEB5}.Release|Any CPU.ActiveCfg = Release|Any CPU
		{FE3AEF6E-63AC-495F-B3DD-23851662CEB5}.Release|Any CPU.Build.0 = Release|Any CPU
		{FE3AEF6E-63AC-495F-B3DD-23851662CEB5}.Release|x64.ActiveCfg = Release|Any CPU
		{FE3AEF6E-63AC-495F-B3DD-23851662CEB5}.Release|x64.Build.0 = Release|Any CPU
		{FE3AEF6E-63AC-495F-B3DD-23851662CEB5}.Release|x86.ActiveCfg = Release|Any CPU
		{FE3AEF6E-63AC-495F-B3DD-23851662CEB5}.Release|x86.Build.0 = Release|Any CPU
		{1F73037F-69A6-494D-BB23-76459F5D1091}.Debug|Any CPU.ActiveCfg = Debug|Any CPU
		{1F73037F-69A6-494D-BB23-76459F5D1091}.Debug|Any CPU.Build.0 = Debug|Any CPU
		{1F73037F-69A6-494D-BB23-76459F5D1091}.Debug|x64.ActiveCfg = Debug|Any CPU
		{1F73037F-69A6-494D-BB23-76459F5D1091}.Debug|x64.Build.0 = Debug|Any CPU
		{1F73037F-69A6-494D-BB23-76459F5D1091}.Debug|x86.ActiveCfg = Debug|Any CPU
		{1F73037F-69A6-494D-BB23-76459F5D1091}.Debug|x86.Build.0 = Debug|Any CPU
		{1F73037F-69A6-494D-BB23-76459F5D1091}.Release|Any CPU.ActiveCfg = Release|Any CPU
		{1F73037F-69A6-494D-BB23-76459F5D1091}.Release|Any CPU.Build.0 = Release|Any CPU
		{1F73037F-69A6-494D-BB23-76459F5D1091}.Release|x64.ActiveCfg = Release|Any CPU
		{1F73037F-69A6-494D-BB23-76459F5D1091}.Release|x64.Build.0 = Release|Any CPU
		{1F73037F-69A6-494D-BB23-76459F5D1091}.Release|x86.ActiveCfg = Release|Any CPU
		{1F73037F-69A6-494D-BB23-76459F5D1091}.Release|x86.Build.0 = Release|Any CPU
		{F3DF5912-A1E2-4C37-8F3E-5AB75A40ECB2}.Debug|Any CPU.ActiveCfg = Debug|Any CPU
		{F3DF5912-A1E2-4C37-8F3E-5AB75A40ECB2}.Debug|Any CPU.Build.0 = Debug|Any CPU
		{F3DF5912-A1E2-4C37-8F3E-5AB75A40ECB2}.Debug|x64.ActiveCfg = Debug|Any CPU
		{F3DF5912-A1E2-4C37-8F3E-5AB75A40ECB2}.Debug|x64.Build.0 = Debug|Any CPU
		{F3DF5912-A1E2-4C37-8F3E-5AB75A40ECB2}.Debug|x86.ActiveCfg = Debug|Any CPU
		{F3DF5912-A1E2-4C37-8F3E-5AB75A40ECB2}.Debug|x86.Build.0 = Debug|Any CPU
		{F3DF5912-A1E2-4C37-8F3E-5AB75A40ECB2}.Release|Any CPU.ActiveCfg = Release|Any CPU
		{F3DF5912-A1E2-4C37-8F3E-5AB75A40ECB2}.Release|Any CPU.Build.0 = Release|Any CPU
		{F3DF5912-A1E2-4C37-8F3E-5AB75A40ECB2}.Release|x64.ActiveCfg = Release|Any CPU
		{F3DF5912-A1E2-4C37-8F3E-5AB75A40ECB2}.Release|x64.Build.0 = Release|Any CPU
		{F3DF5912-A1E2-4C37-8F3E-5AB75A40ECB2}.Release|x86.ActiveCfg = Release|Any CPU
		{F3DF5912-A1E2-4C37-8F3E-5AB75A40ECB2}.Release|x86.Build.0 = Release|Any CPU
	EndGlobalSection
	GlobalSection(SolutionProperties) = preSolution
		HideSolutionNode = FALSE
	EndGlobalSection
	GlobalSection(NestedProjects) = preSolution
		{4B531F98-1CF8-4FF5-805D-6874C2250B58} = {A29E3FC6-FCBA-41BB-B8A2-1812EBAD3138}
		{FE3AEF6E-63AC-495F-B3DD-23851662CEB5} = {4AE12D68-1C82-48B5-AF24-22AFF70D8A45}
		{1F73037F-69A6-494D-BB23-76459F5D1091} = {4AE12D68-1C82-48B5-AF24-22AFF70D8A45}
		{F3DF5912-A1E2-4C37-8F3E-5AB75A40ECB2} = {4AE12D68-1C82-48B5-AF24-22AFF70D8A45}
	EndGlobalSection
	GlobalSection(ExtensibilityGlobals) = postSolution
		SolutionGuid = {9761E83E-7629-4DB7-8132-7460E92A7D72}
	EndGlobalSection
EndGlobal
